
Microsoft Visual Studio Solution File, Format Version 12.00
# Visual Studio Version 16
VisualStudioVersion = 16.0.30011.22
MinimumVisualStudioVersion = 10.0.40219.1
Project("{FAE04EC0-301F-11D3-BF4B-00C04F79EFBC}") = "ArrayInitialization", "ArrayInitialization.csproj", "{404815BE-4EDE-4FB0-B60A-7BEFAFB0CB5F}"
EndProject
Global
	GlobalSection(SolutionConfigurationPlatforms) = preSolution
		Debug|Any CPU = Debug|Any CPU
		Release|Any CPU = Release|Any CPU
	EndGlobalSection
	GlobalSection(ProjectConfigurationPlatforms) = postSolution
		{404815BE-4EDE-4FB0-B60A-7BEFAFB0CB5F}.Debug|Any CPU.ActiveCfg = Debug|Any CPU
		{404815BE-4EDE-4FB0-B60A-7BEFAFB0CB5F}.Debug|Any CPU.Build.0 = Debug|Any CPU
		{404815BE-4EDE-4FB0-B60A-7BEFAFB0CB5F}.Release|Any CPU.ActiveCfg = Release|Any CPU
		{404815BE-4EDE-4FB0-B60A-7BEFAFB0CB5F}.Release|Any CPU.Build.0 = Release|Any CPU
	EndGlobalSection
	GlobalSection(SolutionProperties) = preSolution
		HideSolutionNode = FALSE
	EndGlobalSection
	GlobalSection(ExtensibilityGlobals) = postSolution
		SolutionGuid = {EA14D87C-8E68-4092-A612-50E748D5D015}
	EndGlobalSection
EndGlobal
